# This file is automatically @generated by Cargo.
# It is not intended for manual editing.
version = 4

[[package]]
name = "browser"
version = "0.1.0"
dependencies = [
 "chrome",
 "common",
 "css",
 "devtools",
 "html",
 "js",
 "layout",
 "net",
 "paint",
 "render",
 "security",
 "storage",
 "webapis",
]

[[package]]
name = "chrome"
version = "0.1.0"
dependencies = [
 "common",
]

[[package]]
name = "common"
version = "0.1.0"

[[package]]
name = "css"
version = "0.1.0"
dependencies = [
 "common",
]

[[package]]
name = "devtools"
version = "0.1.0"
dependencies = [
 "common",
]

[[package]]
name = "html"
version = "0.1.0"
dependencies = [
 "common",
]

[[package]]
name = "js"
version = "0.1.0"
dependencies = [
 "common",
]

[[package]]
name = "layout"
version = "0.1.0"
dependencies = [
 "common",
]

[[package]]
name = "net"
version = "0.1.0"
dependencies = [
 "common",
]

[[package]]
name = "paint"
version = "0.1.0"
dependencies = [
 "common",
]

[[package]]
name = "render"
version = "0.1.0"
dependencies = [
 "common",
]

[[package]]
name = "security"
version = "0.1.0"
dependencies = [
 "common",
]

[[package]]
name = "storage"
version = "0.1.0"
dependencies = [
 "common",
]

[[package]]
name = "webapis"
version = "0.1.0"
dependencies = [
 "common",
]
